{
  "version": 4,
  "terraform_version": "1.12.1",
  "serial": 33,
  "lineage": "51a51768-bcea-18dd-a5f9-ab2e423f8249",
  "outputs": {
    "ad_directory_id": {
      "value": "d-906634d5c8",
      "type": "string"
    },
    "ec2_instance_ids": {
      "value": [
        "i-0d4e7d99cf460241e",
        "i-0e68fdc0771ce0f00"
      ],
      "type": [
        "tuple",
        [
          "string",
          "string"
        ]
      ]
    },
    "fsx_dns_name": {
      "value": {
        "active_directory_id": "d-906634d5c8",
        "aliases": [],
        "arn": "arn:aws:fsx:us-east-1:978502151052:file-system/fs-00e640ba21e2206f2",
        "audit_log_configuration": [
          {
            "audit_log_destination": "",
            "file_access_audit_log_level": "DISABLED",
            "file_share_access_audit_log_level": "DISABLED"
          }
        ],
        "automatic_backup_retention_days": 7,
        "backup_id": null,
        "copy_tags_to_backups": false,
        "daily_automatic_backup_start_time": "04:30",
        "deployment_type": "MULTI_AZ_1",
        "disk_iops_configuration": [
          {
            "iops": 96,
            "mode": "AUTOMATIC"
          }
        ],
        "dns_name": "amznfsxtxmqt8gk.test-ad.local",
        "final_backup_tags": null,
        "id": "fs-00e640ba21e2206f2",
        "kms_key_id": "arn:aws:kms:us-east-1:978502151052:key/8030d154-ed17-4cc3-83c5-3b5ee2ac2011",
        "network_interface_ids": [
          "eni-0b8480953dcf39a9b",
          "eni-0dc1befc7ce438cf4"
        ],
        "owner_id": "978502151052",
        "preferred_file_server_ip": "10.116.220.31",
        "preferred_subnet_id": "subnet-0f2c2f27a585552f1",
        "remote_administration_endpoint": "amznfsxmylysxyg.test-ad.local",
        "security_group_ids": [
          "sg-0f932c9f3c73449a3"
        ],
        "self_managed_active_directory": [],
        "skip_final_backup": false,
        "storage_capacity": 32,
        "storage_type": "SSD",
        "subnet_ids": [
          "subnet-0f2c2f27a585552f1",
          "subnet-0e4b6d06fa66ff474"
        ],
        "tags": {
          "Environment": "test",
          "Project": "Test"
        },
        "tags_all": {
          "Environment": "test",
          "Project": "Test"
        },
        "throughput_capacity": 32,
        "timeouts": null,
        "vpc_id": "vpc-0990134610dcbd6f7",
        "weekly_maintenance_start_time": "6:05:30"
      },
      "type": [
        "object",
        {
          "active_directory_id": "string",
          "aliases": [
            "set",
            "string"
          ],
          "arn": "string",
          "audit_log_configuration": [
            "list",
            [
              "object",
              {
                "audit_log_destination": "string",
                "file_access_audit_log_level": "string",
                "file_share_access_audit_log_level": "string"
              }
            ]
          ],
          "automatic_backup_retention_days": "number",
          "backup_id": "string",
          "copy_tags_to_backups": "bool",
          "daily_automatic_backup_start_time": "string",
          "deployment_type": "string",
          "disk_iops_configuration": [
            "list",
            [
              "object",
              {
                "iops": "number",
                "mode": "string"
              }
            ]
          ],
          "dns_name": "string",
          "final_backup_tags": [
            "map",
            "string"
          ],
          "id": "string",
          "kms_key_id": "string",
          "network_interface_ids": [
            "set",
            "string"
          ],
          "owner_id": "string",
          "preferred_file_server_ip": "string",
          "preferred_subnet_id": "string",
          "remote_administration_endpoint": "string",
          "security_group_ids": [
            "set",
            "string"
          ],
          "self_managed_active_directory": [
            "list",
            [
              "object",
              {
                "dns_ips": [
                  "set",
                  "string"
                ],
                "domain_name": "string",
                "file_system_administrators_group": "string",
                "organizational_unit_distinguished_name": "string",
                "password": "string",
                "username": "string"
              }
            ]
          ],
          "skip_final_backup": "bool",
          "storage_capacity": "number",
          "storage_type": "string",
          "subnet_ids": [
            "list",
            "string"
          ],
          "tags": [
            "map",
            "string"
          ],
          "tags_all": [
            "map",
            "string"
          ],
          "throughput_capacity": "number",
          "timeouts": [
            "object",
            {
              "create": "string",
              "delete": "string",
              "update": "string"
            }
          ],
          "vpc_id": "string",
          "weekly_maintenance_start_time": "string"
        }
      ]
    },
    "fsx_sg_id": {
      "value": "sg-0f932c9f3c73449a3",
      "type": "string"
    }
  },
  "resources": [
    {
      "module": "module.fsx",
      "mode": "managed",
      "type": "aws_directory_service_directory",
      "name": "fsx_ad",
      "provider": "module.fsx.provider[\"registry.terraform.io/hashicorp/aws\"]",
      "instances": [
        {
          "schema_version": 0,
          "attributes": {
            "access_url": "d-906634d5c8.awsapps.com",
            "alias": "d-906634d5c8",
            "connect_settings": [],
            "description": "",
            "desired_number_of_domain_controllers": 2,
            "dns_ip_addresses": [
              "10.116.220.226",
              "10.116.220.37"
            ],
            "edition": "Standard",
            "enable_sso": false,
            "id": "d-906634d5c8",
            "name": "test-ad.local",
            "password": "TestPassword123!",
            "security_group_id": "sg-049355d62f1c15a1b",
            "short_name": "test-ad",
            "size": "Small",
            "tags": {
              "Environment": "test",
              "Project": "Test"
            },
            "tags_all": {
              "Environment": "test",
              "Project": "Test"
            },
            "timeouts": null,
            "type": "MicrosoftAD",
            "vpc_settings": [
              {
                "availability_zones": [
                  "us-east-1a",
                  "us-east-1b"
                ],
                "subnet_ids": [
                  "subnet-0e4b6d06fa66ff474",
                  "subnet-0f2c2f27a585552f1"
                ],
                "vpc_id": "vpc-0990134610dcbd6f7"
              }
            ]
          },
          "sensitive_attributes": [
            [
              {
                "type": "get_attr",
                "value": "password"
              }
            ]
          ],
          "identity_schema_version": 0,
          "private": "eyJlMmJmYjczMC1lY2FhLTExZTYtOGY4OC0zNDM2M2JjN2M0YzAiOnsiY3JlYXRlIjozNjAwMDAwMDAwMDAwLCJkZWxldGUiOjM2MDAwMDAwMDAwMDAsInVwZGF0ZSI6MzYwMDAwMDAwMDAwMH19"
        }
      ]
    },
    {
      "module": "module.fsx",
      "mode": "managed",
      "type": "aws_fsx_windows_file_system",
      "name": "windows_fsx",
      "provider": "module.fsx.provider[\"registry.terraform.io/hashicorp/aws\"]",
      "instances": [
        {
          "schema_version": 0,
          "attributes": {
            "active_directory_id": "d-906634d5c8",
            "aliases": [],
            "arn": "arn:aws:fsx:us-east-1:978502151052:file-system/fs-00e640ba21e2206f2",
            "audit_log_configuration": [
              {
                "audit_log_destination": "",
                "file_access_audit_log_level": "DISABLED",
                "file_share_access_audit_log_level": "DISABLED"
              }
            ],
            "automatic_backup_retention_days": 7,
            "backup_id": null,
            "copy_tags_to_backups": false,
            "daily_automatic_backup_start_time": "04:30",
            "deployment_type": "MULTI_AZ_1",
            "disk_iops_configuration": [
              {
                "iops": 96,
                "mode": "AUTOMATIC"
              }
            ],
            "dns_name": "amznfsxtxmqt8gk.test-ad.local",
            "final_backup_tags": null,
            "id": "fs-00e640ba21e2206f2",
            "kms_key_id": "arn:aws:kms:us-east-1:978502151052:key/8030d154-ed17-4cc3-83c5-3b5ee2ac2011",
            "network_interface_ids": [
              "eni-0b8480953dcf39a9b",
              "eni-0dc1befc7ce438cf4"
            ],
            "owner_id": "978502151052",
            "preferred_file_server_ip": "10.116.220.31",
            "preferred_subnet_id": "subnet-0f2c2f27a585552f1",
            "remote_administration_endpoint": "amznfsxmylysxyg.test-ad.local",
            "security_group_ids": [
              "sg-0f932c9f3c73449a3"
            ],
            "self_managed_active_directory": [],
            "skip_final_backup": false,
            "storage_capacity": 32,
            "storage_type": "SSD",
            "subnet_ids": [
              "subnet-0f2c2f27a585552f1",
              "subnet-0e4b6d06fa66ff474"
            ],
            "tags": {
              "Environment": "test",
              "Project": "Test"
            },
            "tags_all": {
              "Environment": "test",
              "Project": "Test"
            },
            "throughput_capacity": 32,
            "timeouts": null,
            "vpc_id": "vpc-0990134610dcbd6f7",
            "weekly_maintenance_start_time": "6:05:30"
          },
          "sensitive_attributes": [],
          "identity_schema_version": 0,
          "private": "eyJlMmJmYjczMC1lY2FhLTExZTYtOGY4OC0zNDM2M2JjN2M0YzAiOnsiY3JlYXRlIjoyNzAwMDAwMDAwMDAwLCJkZWxldGUiOjE4MDAwMDAwMDAwMDAsInVwZGF0ZSI6MjcwMDAwMDAwMDAwMH19",
          "dependencies": [
            "module.fsx.aws_directory_service_directory.fsx_ad",
            "module.fsx.aws_security_group.fsx_sg"
          ]
        }
      ]
    },
    {
      "module": "module.fsx",
      "mode": "managed",
      "type": "aws_iam_instance_profile",
      "name": "fsx_instance_profile",
      "provider": "module.fsx.provider[\"registry.terraform.io/hashicorp/aws\"]",
      "instances": [
        {
          "schema_version": 0,
          "attributes": {
            "arn": "arn:aws:iam::978502151052:instance-profile/test-fsx-ad",
            "create_date": "2025-05-26T08:04:59Z",
            "id": "test-fsx-ad",
            "name": "test-fsx-ad",
            "name_prefix": "",
            "path": "/",
            "role": "test-fsx-role",
            "tags": {},
            "tags_all": {},
            "unique_id": "AIPA6HU2F5OGDCZOMKMAV"
          },
          "sensitive_attributes": [],
          "identity_schema_version": 0,
          "private": "bnVsbA==",
          "dependencies": [
            "module.fsx.aws_directory_service_directory.fsx_ad",
            "module.fsx.aws_fsx_windows_file_system.windows_fsx",
            "module.fsx.aws_iam_role.fsx_role",
            "module.fsx.aws_security_group.fsx_sg"
          ]
        }
      ]
    },
    {
      "module": "module.fsx",
      "mode": "managed",
      "type": "aws_iam_policy_attachment",
      "name": "fsx_console_full_access",
      "provider": "module.fsx.provider[\"registry.terraform.io/hashicorp/aws\"]",
      "instances": [
        {
          "schema_version": 0,
          "attributes": {
            "groups": [],
            "id": "FSxConsoleFullAccess",
            "name": "FSxConsoleFullAccess",
            "policy_arn": "arn:aws:iam::aws:policy/AmazonFSxConsoleFullAccess",
            "roles": [
              "test-fsx-role"
            ],
            "users": []
          },
          "sensitive_attributes": [],
          "identity_schema_version": 0,
          "private": "bnVsbA==",
          "dependencies": [
            "module.fsx.aws_directory_service_directory.fsx_ad",
            "module.fsx.aws_fsx_windows_file_system.windows_fsx",
            "module.fsx.aws_iam_role.fsx_role",
            "module.fsx.aws_security_group.fsx_sg"
          ]
        }
      ]
    },
    {
      "module": "module.fsx",
      "mode": "managed",
      "type": "aws_iam_policy_attachment",
      "name": "fsx_full_access",
      "provider": "module.fsx.provider[\"registry.terraform.io/hashicorp/aws\"]",
      "instances": [
        {
          "schema_version": 0,
          "attributes": {
            "groups": [],
            "id": "FSxFullAccess",
            "name": "FSxFullAccess",
            "policy_arn": "arn:aws:iam::aws:policy/AmazonFSxFullAccess",
            "roles": [
              "test-fsx-role"
            ],
            "users": []
          },
          "sensitive_attributes": [],
          "identity_schema_version": 0,
          "private": "bnVsbA==",
          "dependencies": [
            "module.fsx.aws_directory_service_directory.fsx_ad",
            "module.fsx.aws_fsx_windows_file_system.windows_fsx",
            "module.fsx.aws_iam_role.fsx_role",
            "module.fsx.aws_security_group.fsx_sg"
          ]
        }
      ]
    },
    {
      "module": "module.fsx",
      "mode": "managed",
      "type": "aws_iam_policy_attachment",
      "name": "ssm_directory_service_access",
      "provider": "module.fsx.provider[\"registry.terraform.io/hashicorp/aws\"]",
      "instances": [
        {
          "schema_version": 0,
          "attributes": {
            "groups": [],
            "id": "SSMDirectoryServiceAccess",
            "name": "SSMDirectoryServiceAccess",
            "policy_arn": "arn:aws:iam::aws:policy/AmazonSSMDirectoryServiceAccess",
            "roles": [
              "test-fsx-role"
            ],
            "users": []
          },
          "sensitive_attributes": [],
          "identity_schema_version": 0,
          "private": "bnVsbA==",
          "dependencies": [
            "module.fsx.aws_directory_service_directory.fsx_ad",
            "module.fsx.aws_fsx_windows_file_system.windows_fsx",
            "module.fsx.aws_iam_role.fsx_role",
            "module.fsx.aws_security_group.fsx_sg"
          ]
        }
      ]
    },
    {
      "module": "module.fsx",
      "mode": "managed",
      "type": "aws_iam_policy_attachment",
      "name": "ssm_managed_instance_core",
      "provider": "module.fsx.provider[\"registry.terraform.io/hashicorp/aws\"]",
      "instances": [
        {
          "schema_version": 0,
          "attributes": {
            "groups": [],
            "id": "SSMManagedInstanceCore",
            "name": "SSMManagedInstanceCore",
            "policy_arn": "arn:aws:iam::aws:policy/AmazonSSMManagedInstanceCore",
            "roles": [
              "test-fsx-role"
            ],
            "users": []
          },
          "sensitive_attributes": [],
          "identity_schema_version": 0,
          "private": "bnVsbA==",
          "dependencies": [
            "module.fsx.aws_directory_service_directory.fsx_ad",
            "module.fsx.aws_fsx_windows_file_system.windows_fsx",
            "module.fsx.aws_iam_role.fsx_role",
            "module.fsx.aws_security_group.fsx_sg"
          ]
        }
      ]
    },
    {
      "module": "module.fsx",
      "mode": "managed",
      "type": "aws_iam_role",
      "name": "fsx_role",
      "provider": "module.fsx.provider[\"registry.terraform.io/hashicorp/aws\"]",
      "instances": [
        {
          "schema_version": 0,
          "attributes": {
            "arn": "arn:aws:iam::978502151052:role/test-fsx-role",
            "assume_role_policy": "{\"Statement\":[{\"Action\":\"sts:AssumeRole\",\"Effect\":\"Allow\",\"Principal\":{\"Service\":\"ec2.amazonaws.com\"}}],\"Version\":\"2012-10-17\"}",
            "create_date": "2025-05-26T08:04:57Z",
            "description": "",
            "force_detach_policies": false,
            "id": "test-fsx-role",
            "inline_policy": [],
            "managed_policy_arns": [
              "arn:aws:iam::aws:policy/AmazonFSxConsoleFullAccess",
              "arn:aws:iam::aws:policy/AmazonFSxFullAccess",
              "arn:aws:iam::aws:policy/AmazonSSMDirectoryServiceAccess",
              "arn:aws:iam::aws:policy/AmazonSSMManagedInstanceCore"
            ],
            "max_session_duration": 3600,
            "name": "test-fsx-role",
            "name_prefix": "",
            "path": "/",
            "permissions_boundary": "",
            "tags": {},
            "tags_all": {},
            "unique_id": "AROA6HU2F5OGDUBRYBE6M"
          },
          "sensitive_attributes": [],
          "identity_schema_version": 0,
          "private": "bnVsbA==",
          "dependencies": [
            "module.fsx.aws_directory_service_directory.fsx_ad",
            "module.fsx.aws_fsx_windows_file_system.windows_fsx",
            "module.fsx.aws_security_group.fsx_sg"
          ]
        }
      ]
    },
    {
      "module": "module.fsx",
      "mode": "managed",
      "type": "aws_instance",
      "name": "fsx_instance",
      "provider": "module.fsx.provider[\"registry.terraform.io/hashicorp/aws\"]",
      "instances": [
        {
          "index_key": 0,
          "schema_version": 1,
          "attributes": {
            "ami": "ami-0fa71268a899c2733",
            "arn": "arn:aws:ec2:us-east-1:978502151052:instance/i-0d4e7d99cf460241e",
            "associate_public_ip_address": false,
            "availability_zone": "us-east-1a",
            "capacity_reservation_specification": [
              {
                "capacity_reservation_preference": "open",
                "capacity_reservation_target": []
              }
            ],
            "cpu_core_count": 1,
            "cpu_options": [
              {
                "amd_sev_snp": "",
                "core_count": 1,
                "threads_per_core": 2
              }
            ],
            "cpu_threads_per_core": 2,
            "credit_specification": [
              {
                "cpu_credits": "unlimited"
              }
            ],
            "disable_api_stop": false,
            "disable_api_termination": false,
            "ebs_block_device": [],
            "ebs_optimized": false,
            "enable_primary_ipv6": null,
            "enclave_options": [
              {
                "enabled": false
              }
            ],
            "ephemeral_block_device": [],
            "get_password_data": false,
            "hibernation": false,
            "host_id": "",
            "host_resource_group_arn": null,
            "iam_instance_profile": "test-fsx-ad",
            "id": "i-0d4e7d99cf460241e",
            "instance_initiated_shutdown_behavior": "stop",
            "instance_lifecycle": "",
            "instance_market_options": [],
            "instance_state": "running",
            "instance_type": "t3.micro",
            "ipv6_address_count": 0,
            "ipv6_addresses": [],
            "key_name": "",
            "launch_template": [],
            "maintenance_options": [
              {
                "auto_recovery": "default"
              }
            ],
            "metadata_options": [
              {
                "http_endpoint": "enabled",
                "http_protocol_ipv6": "disabled",
                "http_put_response_hop_limit": 2,
                "http_tokens": "required",
                "instance_metadata_tags": "disabled"
              }
            ],
            "monitoring": false,
            "network_interface": [],
            "outpost_arn": "",
            "password_data": "",
            "placement_group": "",
            "placement_partition_number": 0,
            "primary_network_interface_id": "eni-01db67cb0b315aafc",
            "private_dns": "ip-10-116-220-109.ec2.internal",
            "private_dns_name_options": [
              {
                "enable_resource_name_dns_a_record": false,
                "enable_resource_name_dns_aaaa_record": false,
                "hostname_type": "ip-name"
              }
            ],
            "private_ip": "10.116.220.109",
            "public_dns": "",
            "public_ip": "",
            "root_block_device": [
              {
                "delete_on_termination": true,
                "device_name": "/dev/sda1",
                "encrypted": true,
                "iops": 3000,
                "kms_key_id": "arn:aws:kms:us-east-1:978502151052:key/67d6b15b-3435-4e2a-bb1d-70e4e7d2bfe3",
                "tags": {},
                "tags_all": {},
                "throughput": 125,
                "volume_id": "vol-06cc1846f8c00735d",
                "volume_size": 30,
                "volume_type": "gp3"
              }
            ],
            "secondary_private_ips": [],
            "security_groups": [],
            "source_dest_check": true,
            "spot_instance_request_id": "",
            "subnet_id": "subnet-0f2c2f27a585552f1",
            "tags": null,
            "tags_all": {},
            "tenancy": "default",
            "timeouts": null,
            "user_data": "e24ffe5e9b32a44517dbf861e1ed6d7c20221b71",
            "user_data_base64": null,
            "user_data_replace_on_change": false,
            "volume_tags": null,
            "vpc_security_group_ids": [
              "sg-0f932c9f3c73449a3"
            ]
          },
          "sensitive_attributes": [
            [
              {
                "type": "get_attr",
                "value": "user_data"
              }
            ]
          ],
          "identity_schema_version": 0,
          "private": "eyJlMmJmYjczMC1lY2FhLTExZTYtOGY4OC0zNDM2M2JjN2M0YzAiOnsiY3JlYXRlIjo2MDAwMDAwMDAwMDAsImRlbGV0ZSI6MTIwMDAwMDAwMDAwMCwicmVhZCI6OTAwMDAwMDAwMDAwLCJ1cGRhdGUiOjYwMDAwMDAwMDAwMH0sInNjaGVtYV92ZXJzaW9uIjoiMSJ9",
          "dependencies": [
            "module.fsx.aws_directory_service_directory.fsx_ad",
            "module.fsx.aws_fsx_windows_file_system.windows_fsx",
            "module.fsx.aws_iam_instance_profile.fsx_instance_profile",
            "module.fsx.aws_iam_role.fsx_role",
            "module.fsx.aws_security_group.fsx_sg"
          ]
        },
        {
          "index_key": 1,
          "schema_version": 1,
          "attributes": {
            "ami": "ami-0fa71268a899c2733",
            "arn": "arn:aws:ec2:us-east-1:978502151052:instance/i-0e68fdc0771ce0f00",
            "associate_public_ip_address": false,
            "availability_zone": "us-east-1b",
            "capacity_reservation_specification": [
              {
                "capacity_reservation_preference": "open",
                "capacity_reservation_target": []
              }
            ],
            "cpu_core_count": 1,
            "cpu_options": [
              {
                "amd_sev_snp": "",
                "core_count": 1,
                "threads_per_core": 2
              }
            ],
            "cpu_threads_per_core": 2,
            "credit_specification": [
              {
                "cpu_credits": "unlimited"
              }
            ],
            "disable_api_stop": false,
            "disable_api_termination": false,
            "ebs_block_device": [],
            "ebs_optimized": false,
            "enable_primary_ipv6": null,
            "enclave_options": [
              {
                "enabled": false
              }
            ],
            "ephemeral_block_device": [],
            "get_password_data": false,
            "hibernation": false,
            "host_id": "",
            "host_resource_group_arn": null,
            "iam_instance_profile": "test-fsx-ad",
            "id": "i-0e68fdc0771ce0f00",
            "instance_initiated_shutdown_behavior": "stop",
            "instance_lifecycle": "",
            "instance_market_options": [],
            "instance_state": "running",
            "instance_type": "t3.micro",
            "ipv6_address_count": 0,
            "ipv6_addresses": [],
            "key_name": "",
            "launch_template": [],
            "maintenance_options": [
              {
                "auto_recovery": "default"
              }
            ],
            "metadata_options": [
              {
                "http_endpoint": "enabled",
                "http_protocol_ipv6": "disabled",
                "http_put_response_hop_limit": 2,
                "http_tokens": "required",
                "instance_metadata_tags": "disabled"
              }
            ],
            "monitoring": false,
            "network_interface": [],
            "outpost_arn": "",
            "password_data": "",
            "placement_group": "",
            "placement_partition_number": 0,
            "primary_network_interface_id": "eni-00abada41eadaf858",
            "private_dns": "ip-10-116-220-214.ec2.internal",
            "private_dns_name_options": [
              {
                "enable_resource_name_dns_a_record": false,
                "enable_resource_name_dns_aaaa_record": false,
                "hostname_type": "ip-name"
              }
            ],
            "private_ip": "10.116.220.214",
            "public_dns": "",
            "public_ip": "",
            "root_block_device": [
              {
                "delete_on_termination": true,
                "device_name": "/dev/sda1",
                "encrypted": true,
                "iops": 3000,
                "kms_key_id": "arn:aws:kms:us-east-1:978502151052:key/67d6b15b-3435-4e2a-bb1d-70e4e7d2bfe3",
                "tags": {},
                "tags_all": {},
                "throughput": 125,
                "volume_id": "vol-07d1c742a7bd93f88",
                "volume_size": 30,
                "volume_type": "gp3"
              }
            ],
            "secondary_private_ips": [],
            "security_groups": [],
            "source_dest_check": true,
            "spot_instance_request_id": "",
            "subnet_id": "subnet-0e4b6d06fa66ff474",
            "tags": null,
            "tags_all": {},
            "tenancy": "default",
            "timeouts": null,
            "user_data": "e24ffe5e9b32a44517dbf861e1ed6d7c20221b71",
            "user_data_base64": null,
            "user_data_replace_on_change": false,
            "volume_tags": null,
            "vpc_security_group_ids": [
              "sg-0f932c9f3c73449a3"
            ]
          },
          "sensitive_attributes": [
            [
              {
                "type": "get_attr",
                "value": "user_data"
              }
            ]
          ],
          "identity_schema_version": 0,
          "private": "eyJlMmJmYjczMC1lY2FhLTExZTYtOGY4OC0zNDM2M2JjN2M0YzAiOnsiY3JlYXRlIjo2MDAwMDAwMDAwMDAsImRlbGV0ZSI6MTIwMDAwMDAwMDAwMCwicmVhZCI6OTAwMDAwMDAwMDAwLCJ1cGRhdGUiOjYwMDAwMDAwMDAwMH0sInNjaGVtYV92ZXJzaW9uIjoiMSJ9",
          "dependencies": [
            "module.fsx.aws_directory_service_directory.fsx_ad",
            "module.fsx.aws_fsx_windows_file_system.windows_fsx",
            "module.fsx.aws_iam_instance_profile.fsx_instance_profile",
            "module.fsx.aws_iam_role.fsx_role",
            "module.fsx.aws_security_group.fsx_sg"
          ]
        }
      ]
    },
    {
      "module": "module.fsx",
      "mode": "managed",
      "type": "aws_security_group",
      "name": "fsx_sg",
      "provider": "module.fsx.provider[\"registry.terraform.io/hashicorp/aws\"]",
      "instances": [
        {
          "schema_version": 1,
          "attributes": {
            "arn": "arn:aws:ec2:us-east-1:978502151052:security-group/sg-0f932c9f3c73449a3",
            "description": "Security group for FSx Windows File Server",
            "egress": [
              {
                "cidr_blocks": [
                  "0.0.0.0/0"
                ],
                "description": "",
                "from_port": 0,
                "ipv6_cidr_blocks": [],
                "prefix_list_ids": [],
                "protocol": "-1",
                "security_groups": [],
                "self": false,
                "to_port": 0
              }
            ],
            "id": "sg-0f932c9f3c73449a3",
            "ingress": [
              {
                "cidr_blocks": [
                  "10.0.0.0/16"
                ],
                "description": "SMB Access",
                "from_port": 445,
                "ipv6_cidr_blocks": [],
                "prefix_list_ids": [],
                "protocol": "tcp",
                "security_groups": [],
                "self": false,
                "to_port": 445
              }
            ],
            "name": "fsx-windows-sg",
            "name_prefix": "",
            "owner_id": "978502151052",
            "revoke_rules_on_delete": false,
            "tags": {},
            "tags_all": {},
            "timeouts": null,
            "vpc_id": "vpc-0990134610dcbd6f7"
          },
          "sensitive_attributes": [],
          "identity_schema_version": 0,
          "private": "eyJlMmJmYjczMC1lY2FhLTExZTYtOGY4OC0zNDM2M2JjN2M0YzAiOnsiY3JlYXRlIjo2MDAwMDAwMDAwMDAsImRlbGV0ZSI6OTAwMDAwMDAwMDAwfSwic2NoZW1hX3ZlcnNpb24iOiIxIn0="
        }
      ]
    },
    {
      "module": "module.fsx",
      "mode": "managed",
      "type": "aws_ssm_association",
      "name": "windows_server",
      "provider": "module.fsx.provider[\"registry.terraform.io/hashicorp/aws\"]",
      "instances": [
        {
          "index_key": 0,
          "schema_version": 1,
          "attributes": {
            "apply_only_at_cron_interval": false,
            "arn": "arn:aws:ssm:us-east-1:978502151052:association/1f457e40-8a61-424c-a823-f7235faea5ff",
            "association_id": "1f457e40-8a61-424c-a823-f7235faea5ff",
            "association_name": "",
            "automation_target_parameter_name": "",
            "compliance_severity": "",
            "document_version": "$DEFAULT",
            "id": "1f457e40-8a61-424c-a823-f7235faea5ff",
            "instance_id": "",
            "max_concurrency": "",
            "max_errors": "",
            "name": "test-ssm-doc",
            "output_location": [],
            "parameters": {},
            "schedule_expression": "",
            "sync_compliance": "",
            "tags": {},
            "tags_all": {},
            "targets": [
              {
                "key": "InstanceIds",
                "values": [
                  "i-0d4e7d99cf460241e"
                ]
              }
            ],
            "wait_for_success_timeout_seconds": null
          },
          "sensitive_attributes": [],
          "identity_schema_version": 0,
          "private": "eyJzY2hlbWFfdmVyc2lvbiI6IjEifQ==",
          "dependencies": [
            "module.fsx.aws_directory_service_directory.fsx_ad",
            "module.fsx.aws_fsx_windows_file_system.windows_fsx",
            "module.fsx.aws_iam_instance_profile.fsx_instance_profile",
            "module.fsx.aws_iam_role.fsx_role",
            "module.fsx.aws_instance.fsx_instance",
            "module.fsx.aws_security_group.fsx_sg",
            "module.fsx.aws_ssm_document.ad-join-domain"
          ]
        },
        {
          "index_key": 1,
          "schema_version": 1,
          "attributes": {
            "apply_only_at_cron_interval": false,
            "arn": "arn:aws:ssm:us-east-1:978502151052:association/5b30f3b1-7d45-4cae-be66-73b4f290bafd",
            "association_id": "5b30f3b1-7d45-4cae-be66-73b4f290bafd",
            "association_name": "",
            "automation_target_parameter_name": "",
            "compliance_severity": "",
            "document_version": "$DEFAULT",
            "id": "5b30f3b1-7d45-4cae-be66-73b4f290bafd",
            "instance_id": "",
            "max_concurrency": "",
            "max_errors": "",
            "name": "test-ssm-doc",
            "output_location": [],
            "parameters": {},
            "schedule_expression": "",
            "sync_compliance": "",
            "tags": {},
            "tags_all": {},
            "targets": [
              {
                "key": "InstanceIds",
                "values": [
                  "i-0e68fdc0771ce0f00"
                ]
              }
            ],
            "wait_for_success_timeout_seconds": null
          },
          "sensitive_attributes": [],
          "identity_schema_version": 0,
          "private": "eyJzY2hlbWFfdmVyc2lvbiI6IjEifQ==",
          "dependencies": [
            "module.fsx.aws_directory_service_directory.fsx_ad",
            "module.fsx.aws_fsx_windows_file_system.windows_fsx",
            "module.fsx.aws_iam_instance_profile.fsx_instance_profile",
            "module.fsx.aws_iam_role.fsx_role",
            "module.fsx.aws_instance.fsx_instance",
            "module.fsx.aws_security_group.fsx_sg",
            "module.fsx.aws_ssm_document.ad-join-domain"
          ]
        }
      ]
    },
    {
      "module": "module.fsx",
      "mode": "managed",
      "type": "aws_ssm_document",
      "name": "ad-join-domain",
      "provider": "module.fsx.provider[\"registry.terraform.io/hashicorp/aws\"]",
      "instances": [
        {
          "schema_version": 0,
          "attributes": {
            "arn": "arn:aws:ssm:us-east-1:978502151052:document/test-ssm-doc",
            "attachments_source": [],
            "content": "{\"description\":\"aws:domainJoin\",\"mainSteps\":[{\"action\":\"aws:domainJoin\",\"inputs\":{\"directoryId\":\"d-906634d5c8\",\"directoryName\":\"test-ad.local\",\"dnsIpAddresses\":[\"10.116.220.226\",\"10.116.220.37\"]},\"name\":\"domainJoin\"}],\"schemaVersion\":\"2.2\"}",
            "created_date": "2025-05-26T07:20:47Z",
            "default_version": "1",
            "description": "aws:domainJoin",
            "document_format": "JSON",
            "document_type": "Command",
            "document_version": "1",
            "hash": "d09aa4d8ef6df4f24f6a2d979534f8f43a469179c4f453c67f2f3673990b3b5e",
            "hash_type": "Sha256",
            "id": "test-ssm-doc",
            "latest_version": "1",
            "name": "test-ssm-doc",
            "owner": "978502151052",
            "parameter": [],
            "permissions": {},
            "platform_types": [
              "Windows",
              "Linux"
            ],
            "schema_version": "2.2",
            "status": "Active",
            "tags": {},
            "tags_all": {},
            "target_type": "",
            "version_name": ""
          },
          "sensitive_attributes": [],
          "identity_schema_version": 0,
          "private": "bnVsbA==",
          "dependencies": [
            "module.fsx.aws_directory_service_directory.fsx_ad"
          ]
        }
      ]
    }
  ],
  "check_results": null
}
